
Microsoft Visual Studio Solution File, Format Version 12.00
# Visual Studio Version 17
VisualStudioVersion = 17.8.34525.116
MinimumVisualStudioVersion = 10.0.40219.1
Project("{FAE04EC0-301F-11D3-BF4B-00C04F79EFBC}") = "EFconASPyMVC", "EFconASPyMVC\EFconASPyMVC.csproj", "{D399073E-C9E5-427C-8347-76647B6AF51B}"
EndProject
Global
	GlobalSection(SolutionConfigurationPlatforms) = preSolution
		Debug|Any CPU = Debug|Any CPU
		Release|Any CPU = Release|Any CPU
	EndGlobalSection
	GlobalSection(ProjectConfigurationPlatforms) = postSolution
		{D399073E-C9E5-427C-8347-76647B6AF51B}.Debug|Any CPU.ActiveCfg = Debug|Any CPU
		{D399073E-C9E5-427C-8347-76647B6AF51B}.Debug|Any CPU.Build.0 = Debug|Any CPU
		{D399073E-C9E5-427C-8347-76647B6AF51B}.Release|Any CPU.ActiveCfg = Release|Any CPU
		{D399073E-C9E5-427C-8347-76647B6AF51B}.Release|Any CPU.Build.0 = Release|Any CPU
	EndGlobalSection
	GlobalSection(SolutionProperties) = preSolution
		HideSolutionNode = FALSE
	EndGlobalSection
	GlobalSection(ExtensibilityGlobals) = postSolution
		SolutionGuid = {4C745666-63BB-40A2-8503-D36F798C6BA5}
	EndGlobalSection
EndGlobal
